
Microsoft Visual Studio Solution File, Format Version 12.00
# Visual Studio Version 17
VisualStudioVersion = 17.0.31903.59
MinimumVisualStudioVersion = 10.0.40219.1
Project("{FAE04EC0-301F-11D3-BF4B-00C04F79EFBC}") = "Roxxy.ConsoleApp", "Roxxy.ConsoleApp\Roxxy.ConsoleApp.csproj", "{00D0A1D9-9F39-4754-AFED-66AE83BCEF9E}"
EndProject
Project("{FAE04EC0-301F-11D3-BF4B-00C04F79EFBC}") = "Roxxy.AvaloniaApp", "Roxxy.AvaloniaApp\Roxxy.AvaloniaApp.csproj", "{5C82E33D-5BC9-41DA-AF48-0EDA487EDA4E}"
EndProject
Global
	GlobalSection(SolutionConfigurationPlatforms) = preSolution
		Debug|Any CPU = Debug|Any CPU
		Release|Any CPU = Release|Any CPU
	EndGlobalSection
	GlobalSection(SolutionProperties) = preSolution
		HideSolutionNode = FALSE
	EndGlobalSection
	GlobalSection(ProjectConfigurationPlatforms) = postSolution
		{00D0A1D9-9F39-4754-AFED-66AE83BCEF9E}.Debug|Any CPU.ActiveCfg = Debug|Any CPU
		{00D0A1D9-9F39-4754-AFED-66AE83BCEF9E}.Debug|Any CPU.Build.0 = Debug|Any CPU
		{00D0A1D9-9F39-4754-AFED-66AE83BCEF9E}.Release|Any CPU.ActiveCfg = Release|Any CPU
		{00D0A1D9-9F39-4754-AFED-66AE83BCEF9E}.Release|Any CPU.Build.0 = Release|Any CPU
		{5C82E33D-5BC9-41DA-AF48-0EDA487EDA4E}.Debug|Any CPU.ActiveCfg = Debug|Any CPU
		{5C82E33D-5BC9-41DA-AF48-0EDA487EDA4E}.Debug|Any CPU.Build.0 = Debug|Any CPU
		{5C82E33D-5BC9-41DA-AF48-0EDA487EDA4E}.Release|Any CPU.ActiveCfg = Release|Any CPU
		{5C82E33D-5BC9-41DA-AF48-0EDA487EDA4E}.Release|Any CPU.Build.0 = Release|Any CPU
	EndGlobalSection
EndGlobal
